
Microsoft Visual Studio Solution File, Format Version 12.00
# Visual Studio Version 16
VisualStudioVersion = 16.0.29613.14
MinimumVisualStudioVersion = 10.0.40219.1
Project("{9A19103F-16F7-4668-BE54-9A1E7A4F7556}") = "OpenFTTH.UtilityGraphService.Service", "OpenFTTH.UtilityGraphService.Service\OpenFTTH.UtilityGraphService.Service.csproj", "{4518BBE3-03C3-48AC-B6F7-5F4619D339DD}"
EndProject
Project("{9A19103F-16F7-4668-BE54-9A1E7A4F7556}") = "OpenFTTH.UtilityGraphService.Business", "OpenFTTH.UtilityGraphService.Business\OpenFTTH.UtilityGraphService.Business.csproj", "{68B4C04B-3A38-4177-B10C-4A1E00B9693E}"
EndProject
Project("{9A19103F-16F7-4668-BE54-9A1E7A4F7556}") = "OpenFTTH.UtilityGraphService.Tests", "OpenFTTH.UtilityGraphService.Tests\OpenFTTH.UtilityGraphService.Tests.csproj", "{01CADB18-5703-4C51-9ADF-18BA80853FA2}"
EndProject
Project("{9A19103F-16F7-4668-BE54-9A1E7A4F7556}") = "OpenFTTH.UtilityGraphService.API", "OpenFTTH.UtilityGraphService.API\OpenFTTH.UtilityGraphService.API.csproj", "{3FF812C2-1F2C-4847-A489-69828F105E53}"
EndProject
Global
	GlobalSection(SolutionConfigurationPlatforms) = preSolution
		Debug|Any CPU = Debug|Any CPU
		Release|Any CPU = Release|Any CPU
	EndGlobalSection
	GlobalSection(ProjectConfigurationPlatforms) = postSolution
		{4518BBE3-03C3-48AC-B6F7-5F4619D339DD}.Debug|Any CPU.ActiveCfg = Debug|Any CPU
		{4518BBE3-03C3-48AC-B6F7-5F4619D339DD}.Debug|Any CPU.Build.0 = Debug|Any CPU
		{4518BBE3-03C3-48AC-B6F7-5F4619D339DD}.Release|Any CPU.ActiveCfg = Release|Any CPU
		{4518BBE3-03C3-48AC-B6F7-5F4619D339DD}.Release|Any CPU.Build.0 = Release|Any CPU
		{68B4C04B-3A38-4177-B10C-4A1E00B9693E}.Debug|Any CPU.ActiveCfg = Debug|Any CPU
		{68B4C04B-3A38-4177-B10C-4A1E00B9693E}.Debug|Any CPU.Build.0 = Debug|Any CPU
		{68B4C04B-3A38-4177-B10C-4A1E00B9693E}.Release|Any CPU.ActiveCfg = Release|Any CPU
		{68B4C04B-3A38-4177-B10C-4A1E00B9693E}.Release|Any CPU.Build.0 = Release|Any CPU
		{01CADB18-5703-4C51-9ADF-18BA80853FA2}.Debug|Any CPU.ActiveCfg = Debug|Any CPU
		{01CADB18-5703-4C51-9ADF-18BA80853FA2}.Debug|Any CPU.Build.0 = Debug|Any CPU
		{01CADB18-5703-4C51-9ADF-18BA80853FA2}.Release|Any CPU.ActiveCfg = Release|Any CPU
		{01CADB18-5703-4C51-9ADF-18BA80853FA2}.Release|Any CPU.Build.0 = Release|Any CPU
		{3FF812C2-1F2C-4847-A489-69828F105E53}.Debug|Any CPU.ActiveCfg = Debug|Any CPU
		{3FF812C2-1F2C-4847-A489-69828F105E53}.Debug|Any CPU.Build.0 = Debug|Any CPU
		{3FF812C2-1F2C-4847-A489-69828F105E53}.Release|Any CPU.ActiveCfg = Release|Any CPU
		{3FF812C2-1F2C-4847-A489-69828F105E53}.Release|Any CPU.Build.0 = Release|Any CPU
	EndGlobalSection
	GlobalSection(SolutionProperties) = preSolution
		HideSolutionNode = FALSE
	EndGlobalSection
	GlobalSection(ExtensibilityGlobals) = postSolution
		SolutionGuid = {CFE55104-E352-40B8-AD12-2C29C85AD0F1}
	EndGlobalSection
EndGlobal
